PODS:
  - LilithProgressHUD (0.1.5)

DEPENDENCIES:
  - LilithProgressHUD (from `../`)

EXTERNAL SOURCES:
  LilithProgressHUD:
    :path: "../"

SPEC CHECKSUMS:
  LilithProgressHUD: f15893d0049e9eaec87f21c887271ac370cc3fe6

PODFILE CHECKSUM: 4cf4805e5d8a9e674d54cf36ae1f8766415cc218

COCOAPODS: 1.0.1
